// !$*UTF8*$!
{
	archiveVersion = 1;
	classes = {
	};
	objectVersion = 46;
	objects = {

/* Begin PBXBuildFile section */
		044E2A8F1B4F520700C8AA2D /* RongIMKit.framework in Frameworks */ = {isa = PBXBuildFile; fileRef = 044E2A8E1B4F520700C8AA2D /* RongIMKit.framework */; };
		044E2A911B4F524000C8AA2D /* AssetsLibrary.framework in Frameworks */ = {isa = PBXBuildFile; fileRef = 044E2A901B4F524000C8AA2D /* AssetsLibrary.framework */; };
		044E2A931B4F524700C8AA2D /* AudioToolbox.framework in Frameworks */ = {isa = PBXBuildFile; fileRef = 044E2A921B4F524700C8AA2D /* AudioToolbox.framework */; };
		044E2A951B4F524F00C8AA2D /* AVFoundation.framework in Frameworks */ = {isa = PBXBuildFile; fileRef = 044E2A941B4F524F00C8AA2D /* AVFoundation.framework */; };
		044E2A971B4F526C00C8AA2D /* CoreAudio.framework in Frameworks */ = {isa = PBXBuildFile; fileRef = 044E2A961B4F526C00C8AA2D /* CoreAudio.framework */; };
		044E2A9C1B4F529B00C8AA2D /* CoreImage.framework in Frameworks */ = {isa = PBXBuildFile; fileRef = 044E2A981B4F529B00C8AA2D /* CoreImage.framework */; };
		044E2A9D1B4F529B00C8AA2D /* CoreLocation.framework in Frameworks */ = {isa = PBXBuildFile; fileRef = 044E2A991B4F529B00C8AA2D /* CoreLocation.framework */; };
		044E2A9E1B4F529B00C8AA2D /* CoreTelephony.framework in Frameworks */ = {isa = PBXBuildFile; fileRef = 044E2A9A1B4F529B00C8AA2D /* CoreTelephony.framework */; };
		044E2A9F1B4F529B00C8AA2D /* CoreVideo.framework in Frameworks */ = {isa = PBXBuildFile; fileRef = 044E2A9B1B4F529B00C8AA2D /* CoreVideo.framework */; };
		044E2AA11B4F52A700C8AA2D /* CoreGraphics.framework in Frameworks */ = {isa = PBXBuildFile; fileRef = 044E2AA01B4F52A700C8AA2D /* CoreGraphics.framework */; };
		044E2AA31B4F52AE00C8AA2D /* ImageIO.framework in Frameworks */ = {isa = PBXBuildFile; fileRef = 044E2AA21B4F52AE00C8AA2D /* ImageIO.framework */; };
		044E2AAF1B4F53C900C8AA2D /* MapKit.framework in Frameworks */ = {isa = PBXBuildFile; fileRef = 044E2AAE1B4F53C900C8AA2D /* MapKit.framework */; };
		044E2AB11B4F53D400C8AA2D /* OpenGLES.framework in Frameworks */ = {isa = PBXBuildFile; fileRef = 044E2AB01B4F53D400C8AA2D /* OpenGLES.framework */; };
		044E2AB31B4F53DD00C8AA2D /* QuartzCore.framework in Frameworks */ = {isa = PBXBuildFile; fileRef = 044E2AB21B4F53DD00C8AA2D /* QuartzCore.framework */; };
		044E2AB51B4F53F000C8AA2D /* UIKit.framework in Frameworks */ = {isa = PBXBuildFile; fileRef = 044E2AB41B4F53F000C8AA2D /* UIKit.framework */; };
		048384DD1B2D5E7300ED7693 /* LightUser.m in Sources */ = {isa = PBXBuildFile; fileRef = 048384DC1B2D5E7300ED7693 /* LightUser.m */; };
		048384E01B2D622300ED7693 /* LightRegisterUser.m in Sources */ = {isa = PBXBuildFile; fileRef = 048384DF1B2D622300ED7693 /* LightRegisterUser.m */; };
		048384E31B2D64BF00ED7693 /* LightValidateCode.m in Sources */ = {isa = PBXBuildFile; fileRef = 048384E21B2D64BF00ED7693 /* LightValidateCode.m */; };
		048384E71B2D68E000ED7693 /* LightArticle.m in Sources */ = {isa = PBXBuildFile; fileRef = 048384E61B2D68E000ED7693 /* LightArticle.m */; };
		048384EA1B2D6C9D00ED7693 /* UIButton+Util.m in Sources */ = {isa = PBXBuildFile; fileRef = 048384E91B2D6C9D00ED7693 /* UIButton+Util.m */; };
		048384ED1B2F09F800ED7693 /* LightTableViewCell.m in Sources */ = {isa = PBXBuildFile; fileRef = 048384EC1B2F09F800ED7693 /* LightTableViewCell.m */; };
		048384F01B2F0A6600ED7693 /* LightNavigationController.m in Sources */ = {isa = PBXBuildFile; fileRef = 048384EF1B2F0A6600ED7693 /* LightNavigationController.m */; };
		048384F21B2F0B6000ED7693 /* topbarbg_ios7@2x.png in Resources */ = {isa = PBXBuildFile; fileRef = 048384F11B2F0B6000ED7693 /* topbarbg_ios7@2x.png */; };
		048384F71B2F121200ED7693 /* LightTableViewController.m in Sources */ = {isa = PBXBuildFile; fileRef = 048384F61B2F121200ED7693 /* LightTableViewController.m */; };
		048384FA1B2F130A00ED7693 /* LightBaseLoginViewController.m in Sources */ = {isa = PBXBuildFile; fileRef = 048384F91B2F130A00ED7693 /* LightBaseLoginViewController.m */; };
		048384FD1B2F18F500ED7693 /* LightLoginViewController.m in Sources */ = {isa = PBXBuildFile; fileRef = 048384FC1B2F18F500ED7693 /* LightLoginViewController.m */; };
		048385001B2F19A600ED7693 /* LightTextField.m in Sources */ = {isa = PBXBuildFile; fileRef = 048384FF1B2F19A600ED7693 /* LightTextField.m */; };
		048385061B2F2B3400ED7693 /* LightRegisterViewController.m in Sources */ = {isa = PBXBuildFile; fileRef = 048385051B2F2B3400ED7693 /* LightRegisterViewController.m */; };
		048385091B2F2B9500ED7693 /* LightRegCheckViewController.m in Sources */ = {isa = PBXBuildFile; fileRef = 048385081B2F2B9500ED7693 /* LightRegCheckViewController.m */; };
		0483850C1B2F2BBE00ED7693 /* LightRegDetailViewController.m in Sources */ = {isa = PBXBuildFile; fileRef = 0483850B1B2F2BBE00ED7693 /* LightRegDetailViewController.m */; };
		048385101B2F2C0500ED7693 /* LightRegSexViewController.m in Sources */ = {isa = PBXBuildFile; fileRef = 0483850E1B2F2C0500ED7693 /* LightRegSexViewController.m */; };
		048385111B2F2C0500ED7693 /* LightRegSexViewController.xib in Resources */ = {isa = PBXBuildFile; fileRef = 0483850F1B2F2C0500ED7693 /* LightRegSexViewController.xib */; };
		048AC0701B3018D40076DB17 /* LightIntroPage.m in Sources */ = {isa = PBXBuildFile; fileRef = 048AC06B1B3018D40076DB17 /* LightIntroPage.m */; };
		048AC0711B3018D40076DB17 /* LightIntroView.m in Sources */ = {isa = PBXBuildFile; fileRef = 048AC06D1B3018D40076DB17 /* LightIntroView.m */; };
		048AC0721B3018D40076DB17 /* LightIntroViewController.m in Sources */ = {isa = PBXBuildFile; fileRef = 048AC06F1B3018D40076DB17 /* LightIntroViewController.m */; };
		048E6FDC1B50DB9700EF995B /* libicucore.dylib in Frameworks */ = {isa = PBXBuildFile; fileRef = 048E6FDB1B50DB9700EF995B /* libicucore.dylib */; };
		048E6FDE1B50DB9D00EF995B /* libz.dylib in Frameworks */ = {isa = PBXBuildFile; fileRef = 048E6FDD1B50DB9D00EF995B /* libz.dylib */; };
		048E6FE41B50DBCF00EF995B /* libc++.dylib in Frameworks */ = {isa = PBXBuildFile; fileRef = 048E6FDF1B50DBCF00EF995B /* libc++.dylib */; };
		048E6FE51B50DBCF00EF995B /* libc++abi.dylib in Frameworks */ = {isa = PBXBuildFile; fileRef = 048E6FE01B50DBCF00EF995B /* libc++abi.dylib */; };
		048E6FE61B50DBCF00EF995B /* libsqlite3.dylib in Frameworks */ = {isa = PBXBuildFile; fileRef = 048E6FE11B50DBCF00EF995B /* libsqlite3.dylib */; };
		048E6FE71B50DBCF00EF995B /* libstdc++.dylib in Frameworks */ = {isa = PBXBuildFile; fileRef = 048E6FE21B50DBCF00EF995B /* libstdc++.dylib */; };
		048E6FE81B50DBCF00EF995B /* libxml2.dylib in Frameworks */ = {isa = PBXBuildFile; fileRef = 048E6FE31B50DBCF00EF995B /* libxml2.dylib */; };
		049F3D141B2D59EF0014F09A /* SystemConfiguration.framework in Frameworks */ = {isa = PBXBuildFile; fileRef = 049F3D131B2D59EF0014F09A /* SystemConfiguration.framework */; };
		049F3D161B2D59F70014F09A /* MessageUI.framework in Frameworks */ = {isa = PBXBuildFile; fileRef = 049F3D151B2D59F70014F09A /* MessageUI.framework */; };
		049F3D1C1B2D5A0F0014F09A /* CFNetwork.framework in Frameworks */ = {isa = PBXBuildFile; fileRef = 049F3D1B1B2D5A0F0014F09A /* CFNetwork.framework */; };
		049F3D1E1B2D5A470014F09A /* SMS_SDK.framework in Frameworks */ = {isa = PBXBuildFile; fileRef = 049F3D1D1B2D5A470014F09A /* SMS_SDK.framework */; };
		049F3D201B2D5AAC0014F09A /* Default-568h@2x.png in Resources */ = {isa = PBXBuildFile; fileRef = 049F3D1F1B2D5AAC0014F09A /* Default-568h@2x.png */; };
		04BA69E91B319055001FC1B2 /* LightBaseTabBarController.m in Sources */ = {isa = PBXBuildFile; fileRef = 04BA69E81B319055001FC1B2 /* LightBaseTabBarController.m */; };
		04BA69EC1B3190B6001FC1B2 /* IndexViewController.m in Sources */ = {isa = PBXBuildFile; fileRef = 04BA69EB1B3190B6001FC1B2 /* IndexViewController.m */; };
		04BA69EF1B3190E9001FC1B2 /* MSGViewController.m in Sources */ = {isa = PBXBuildFile; fileRef = 04BA69EE1B3190E9001FC1B2 /* MSGViewController.m */; };
		04BA69F21B319123001FC1B2 /* CPYViewController.m in Sources */ = {isa = PBXBuildFile; fileRef = 04BA69F11B319123001FC1B2 /* CPYViewController.m */; };
		04BA69F51B31916B001FC1B2 /* LoveViewController.m in Sources */ = {isa = PBXBuildFile; fileRef = 04BA69F41B31916B001FC1B2 /* LoveViewController.m */; };
		04BA69F81B31918F001FC1B2 /* KDGViewController.m in Sources */ = {isa = PBXBuildFile; fileRef = 04BA69F71B31918F001FC1B2 /* KDGViewController.m */; };
		04BA69FC1B31A0D8001FC1B2 /* IndexTableViewCell.m in Sources */ = {isa = PBXBuildFile; fileRef = 04BA69FB1B31A0D8001FC1B2 /* IndexTableViewCell.m */; };
		04C7CF0A1B31B4FB00FED3DB /* PostInfo.m in Sources */ = {isa = PBXBuildFile; fileRef = 04C7CF091B31B4FB00FED3DB /* PostInfo.m */; };
		04D1A4301B2C915C005823E4 /* main.m in Sources */ = {isa = PBXBuildFile; fileRef = 04D1A42F1B2C915C005823E4 /* main.m */; };
		04D1A4331B2C915C005823E4 /* AppDelegate.m in Sources */ = {isa = PBXBuildFile; fileRef = 04D1A4321B2C915C005823E4 /* AppDelegate.m */; };
		04D1A43B1B2C915C005823E4 /* Images.xcassets in Resources */ = {isa = PBXBuildFile; fileRef = 04D1A43A1B2C915C005823E4 /* Images.xcassets */; };
		04D1A43E1B2C915C005823E4 /* LaunchScreen.xib in Resources */ = {isa = PBXBuildFile; fileRef = 04D1A43C1B2C915C005823E4 /* LaunchScreen.xib */; };
		04D1A44A1B2C915C005823E4 /* LightTests.m in Sources */ = {isa = PBXBuildFile; fileRef = 04D1A4491B2C915C005823E4 /* LightTests.m */; };
		04D1A4811B2C944D005823E4 /* blue_login_disable@2x.png in Resources */ = {isa = PBXBuildFile; fileRef = 04D1A4551B2C944D005823E4 /* blue_login_disable@2x.png */; };
		04D1A4821B2C944D005823E4 /* blue_login_highlight@2x.png in Resources */ = {isa = PBXBuildFile; fileRef = 04D1A4561B2C944D005823E4 /* blue_login_highlight@2x.png */; };
		04D1A4831B2C944D005823E4 /* blue_login_normal@2x.png in Resources */ = {isa = PBXBuildFile; fileRef = 04D1A4571B2C944D005823E4 /* blue_login_normal@2x.png */; };
		04D1A4841B2C944D005823E4 /* default_icon.png in Resources */ = {isa = PBXBuildFile; fileRef = 04D1A4581B2C944D005823E4 /* default_icon.png */; };
		04D1A4851B2C944D005823E4 /* login_background.png in Resources */ = {isa = PBXBuildFile; fileRef = 04D1A4591B2C944D005823E4 /* login_background.png */; };
		04D1A4861B2C944D005823E4 /* index_24*24_blue.png in Resources */ = {isa = PBXBuildFile; fileRef = 04D1A45B1B2C944D005823E4 /* index_24*24_blue.png */; };
		04D1A4871B2C944D005823E4 /* index_24*24_grey.png in Resources */ = {isa = PBXBuildFile; fileRef = 04D1A45C1B2C944D005823E4 /* index_24*24_grey.png */; };
		04D1A4881B2C944D005823E4 /* index_32*32_blue.png in Resources */ = {isa = PBXBuildFile; fileRef = 04D1A45D1B2C944D005823E4 /* index_32*32_blue.png */; };
		04D1A4891B2C944D005823E4 /* index_32*32_grey.png in Resources */ = {isa = PBXBuildFile; fileRef = 04D1A45E1B2C944D005823E4 /* index_32*32_grey.png */; };
		04D1A48A1B2C944D005823E4 /* index_48*48_blue.png in Resources */ = {isa = PBXBuildFile; fileRef = 04D1A45F1B2C944D005823E4 /* index_48*48_blue.png */; };
		04D1A48B1B2C944D005823E4 /* index_48*48_grey.png in Resources */ = {isa = PBXBuildFile; fileRef = 04D1A4601B2C944D005823E4 /* index_48*48_grey.png */; };
		04D1A48C1B2C944D005823E4 /* KDG_24*24_blue.png in Resources */ = {isa = PBXBuildFile; fileRef = 04D1A4611B2C944D005823E4 /* KDG_24*24_blue.png */; };
		04D1A48D1B2C944D005823E4 /* KDG_24*24_grey.png in Resources */ = {isa = PBXBuildFile; fileRef = 04D1A4621B2C944D005823E4 /* KDG_24*24_grey.png */; };
		04D1A48E1B2C944D005823E4 /* KDG_32*32_blue.png in Resources */ = {isa = PBXBuildFile; fileRef = 04D1A4631B2C944D005823E4 /* KDG_32*32_blue.png */; };
		04D1A48F1B2C944D005823E4 /* KDG_32*32_grey.png in Resources */ = {isa = PBXBuildFile; fileRef = 04D1A4641B2C944D005823E4 /* KDG_32*32_grey.png */; };
		04D1A4901B2C944D005823E4 /* KDG_48*48_blue.png in Resources */ = {isa = PBXBuildFile; fileRef = 04D1A4651B2C944D005823E4 /* KDG_48*48_blue.png */; };
		04D1A4911B2C944D005823E4 /* KDG_48*48_grey.png in Resources */ = {isa = PBXBuildFile; fileRef = 04D1A4661B2C944D005823E4 /* KDG_48*48_grey.png */; };
		04D1A4921B2C944D005823E4 /* KPY_24*24_blue.png in Resources */ = {isa = PBXBuildFile; fileRef = 04D1A4671B2C944D005823E4 /* KPY_24*24_blue.png */; };
		04D1A4931B2C944D005823E4 /* KPY_24*24_grey.png in Resources */ = {isa = PBXBuildFile; fileRef = 04D1A4681B2C944D005823E4 /* KPY_24*24_grey.png */; };
		04D1A4941B2C944D005823E4 /* KPY_32*32_blue.png in Resources */ = {isa = PBXBuildFile; fileRef = 04D1A4691B2C944D005823E4 /* KPY_32*32_blue.png */; };
		04D1A4951B2C944D005823E4 /* KPY_32*32_grey.png in Resources */ = {isa = PBXBuildFile; fileRef = 04D1A46A1B2C944D005823E4 /* KPY_32*32_grey.png */; };
		04D1A4961B2C944D005823E4 /* KPY_48*48_blue.png in Resources */ = {isa = PBXBuildFile; fileRef = 04D1A46B1B2C944D005823E4 /* KPY_48*48_blue.png */; };
		04D1A4971B2C944D005823E4 /* KPY_48*48_grey.png in Resources */ = {isa = PBXBuildFile; fileRef = 04D1A46C1B2C944D005823E4 /* KPY_48*48_grey.png */; };
		04D1A4981B2C944D005823E4 /* left_view.png in Resources */ = {isa = PBXBuildFile; fileRef = 04D1A46D1B2C944D005823E4 /* left_view.png */; };
		04D1A4991B2C944D005823E4 /* love_24*24_blue.png in Resources */ = {isa = PBXBuildFile; fileRef = 04D1A46E1B2C944D005823E4 /* love_24*24_blue.png */; };
		04D1A49A1B2C944D005823E4 /* love_24*24_grey.png in Resources */ = {isa = PBXBuildFile; fileRef = 04D1A46F1B2C944D005823E4 /* love_24*24_grey.png */; };
		04D1A49B1B2C944D005823E4 /* love_32*32_blue.png in Resources */ = {isa = PBXBuildFile; fileRef = 04D1A4701B2C944D005823E4 /* love_32*32_blue.png */; };
		04D1A49C1B2C944D005823E4 /* love_32*32_grey.png in Resources */ = {isa = PBXBuildFile; fileRef = 04D1A4711B2C944D005823E4 /* love_32*32_grey.png */; };
		04D1A49D1B2C944D005823E4 /* love_48*48_blue.png in Resources */ = {isa = PBXBuildFile; fileRef = 04D1A4721B2C944D005823E4 /* love_48*48_blue.png */; };
		04D1A49E1B2C944D005823E4 /* love_48*48_grey.png in Resources */ = {isa = PBXBuildFile; fileRef = 04D1A4731B2C944D005823E4 /* love_48*48_grey.png */; };
		04D1A49F1B2C944D005823E4 /* MSG_24*24_blue.png in Resources */ = {isa = PBXBuildFile; fileRef = 04D1A4741B2C944D005823E4 /* MSG_24*24_blue.png */; };
		04D1A4A01B2C944D005823E4 /* MSG_24*24_grey.png in Resources */ = {isa = PBXBuildFile; fileRef = 04D1A4751B2C944D005823E4 /* MSG_24*24_grey.png */; };
		04D1A4A11B2C944D005823E4 /* MSG_32*32_blue.png in Resources */ = {isa = PBXBuildFile; fileRef = 04D1A4761B2C944D005823E4 /* MSG_32*32_blue.png */; };
		04D1A4A21B2C944D005823E4 /* MSG_32*32_grey.png in Resources */ = {isa = PBXBuildFile; fileRef = 04D1A4771B2C944D005823E4 /* MSG_32*32_grey.png */; };
		04D1A4A31B2C944D005823E4 /* MSG_48*48_blue.png in Resources */ = {isa = PBXBuildFile; fileRef = 04D1A4781B2C944D005823E4 /* MSG_48*48_blue.png */; };
		04D1A4A41B2C944D005823E4 /* MSG_48*48_grey.png in Resources */ = {isa = PBXBuildFile; fileRef = 04D1A4791B2C944D005823E4 /* MSG_48*48_grey.png */; };
		04D1A4A51B2C944D005823E4 /* operationbox_text@2x.png in Resources */ = {isa = PBXBuildFile; fileRef = 04D1A47A1B2C944D005823E4 /* operationbox_text@2x.png */; };
		04D1A4A61B2C944D005823E4 /* Intro01.png in Resources */ = {isa = PBXBuildFile; fileRef = 04D1A47C1B2C944D005823E4 /* Intro01.png */; };
		04D1A4A71B2C944D005823E4 /* Intro02.png in Resources */ = {isa = PBXBuildFile; fileRef = 04D1A47D1B2C944D005823E4 /* Intro02.png */; };
		04D1A4A81B2C944D005823E4 /* Intro03.png in Resources */ = {isa = PBXBuildFile; fileRef = 04D1A47E1B2C944D005823E4 /* Intro03.png */; };
		04D1A4A91B2C944D005823E4 /* Intro04.png in Resources */ = {isa = PBXBuildFile; fileRef = 04D1A47F1B2C944D005823E4 /* Intro04.png */; };
		04D1A4AA1B2C944D005823E4 /* Intro05.png in Resources */ = {isa = PBXBuildFile; fileRef = 04D1A4801B2C944D005823E4 /* Intro05.png */; };
/* End PBXBuildFile section */

/* Begin PBXContainerItemProxy section */
		04D1A4441B2C915C005823E4 /* PBXContainerItemProxy */ = {
			isa = PBXContainerItemProxy;
			containerPortal = 04D1A4221B2C915B005823E4 /* Project object */;
			proxyType = 1;
			remoteGlobalIDString = 04D1A4291B2C915C005823E4;
			remoteInfo = Light;
		};
/* End PBXContainerItemProxy section */

/* Begin PBXFileReference section */
		044E2A8E1B4F520700C8AA2D /* RongIMKit.framework */ = {isa = PBXFileReference; lastKnownFileType = wrapper.framework; name = RongIMKit.framework; path = Light/RongIMKit.framework; sourceTree = "<group>"; };
		044E2A901B4F524000C8AA2D /* AssetsLibrary.framework */ = {isa = PBXFileReference; lastKnownFileType = wrapper.framework; name = AssetsLibrary.framework; path = System/Library/Frameworks/AssetsLibrary.framework; sourceTree = SDKROOT; };
		044E2A921B4F524700C8AA2D /* AudioToolbox.framework */ = {isa = PBXFileReference; lastKnownFileType = wrapper.framework; name = AudioToolbox.framework; path = System/Library/Frameworks/AudioToolbox.framework; sourceTree = SDKROOT; };
		044E2A941B4F524F00C8AA2D /* AVFoundation.framework */ = {isa = PBXFileReference; lastKnownFileType = wrapper.framework; name = AVFoundation.framework; path = System/Library/Frameworks/AVFoundation.framework; sourceTree = SDKROOT; };
		044E2A961B4F526C00C8AA2D /* CoreAudio.framework */ = {isa = PBXFileReference; lastKnownFileType = wrapper.framework; name = CoreAudio.framework; path = System/Library/Frameworks/CoreAudio.framework; sourceTree = SDKROOT; };
		044E2A981B4F529B00C8AA2D /* CoreImage.framework */ = {isa = PBXFileReference; lastKnownFileType = wrapper.framework; name = CoreImage.framework; path = System/Library/Frameworks/CoreImage.framework; sourceTree = SDKROOT; };
		044E2A991B4F529B00C8AA2D /* CoreLocation.framework */ = {isa = PBXFileReference; lastKnownFileType = wrapper.framework; name = CoreLocation.framework; path = System/Library/Frameworks/CoreLocation.framework; sourceTree = SDKROOT; };
		044E2A9A1B4F529B00C8AA2D /* CoreTelephony.framework */ = {isa = PBXFileReference; lastKnownFileType = wrapper.framework; name = CoreTelephony.framework; path = System/Library/Frameworks/CoreTelephony.framework; sourceTree = SDKROOT; };
		044E2A9B1B4F529B00C8AA2D /* CoreVideo.framework */ = {isa = PBXFileReference; lastKnownFileType = wrapper.framework; name = CoreVideo.framework; path = System/Library/Frameworks/CoreVideo.framework; sourceTree = SDKROOT; };
		044E2AA01B4F52A700C8AA2D /* CoreGraphics.framework */ = {isa = PBXFileReference; lastKnownFileType = wrapper.framework; name = CoreGraphics.framework; path = System/Library/Frameworks/CoreGraphics.framework; sourceTree = SDKROOT; };
		044E2AA21B4F52AE00C8AA2D /* ImageIO.framework */ = {isa = PBXFileReference; lastKnownFileType = wrapper.framework; name = ImageIO.framework; path = System/Library/Frameworks/ImageIO.framework; sourceTree = SDKROOT; };
		044E2AAE1B4F53C900C8AA2D /* MapKit.framework */ = {isa = PBXFileReference; lastKnownFileType = wrapper.framework; name = MapKit.framework; path = System/Library/Frameworks/MapKit.framework; sourceTree = SDKROOT; };
		044E2AB01B4F53D400C8AA2D /* OpenGLES.framework */ = {isa = PBXFileReference; lastKnownFileType = wrapper.framework; name = OpenGLES.framework; path = System/Library/Frameworks/OpenGLES.framework; sourceTree = SDKROOT; };
		044E2AB21B4F53DD00C8AA2D /* QuartzCore.framework */ = {isa = PBXFileReference; lastKnownFileType = wrapper.framework; name = QuartzCore.framework; path = System/Library/Frameworks/QuartzCore.framework; sourceTree = SDKROOT; };
		044E2AB41B4F53F000C8AA2D /* UIKit.framework */ = {isa = PBXFileReference; lastKnownFileType = wrapper.framework; name = UIKit.framework; path = System/Library/Frameworks/UIKit.framework; sourceTree = SDKROOT; };
		048384DB1B2D5E7300ED7693 /* LightUser.h */ = {isa = PBXFileReference; fileEncoding = 4; lastKnownFileType = sourcecode.c.h; name = LightUser.h; path = API/LightUser.h; sourceTree = "<group>"; };
		048384DC1B2D5E7300ED7693 /* LightUser.m */ = {isa = PBXFileReference; fileEncoding = 4; lastKnownFileType = sourcecode.c.objc; name = LightUser.m; path = API/LightUser.m; sourceTree = "<group>"; };
		048384DE1B2D622300ED7693 /* LightRegisterUser.h */ = {isa = PBXFileReference; fileEncoding = 4; lastKnownFileType = sourcecode.c.h; name = LightRegisterUser.h; path = API/LightRegisterUser.h; sourceTree = "<group>"; };
		048384DF1B2D622300ED7693 /* LightRegisterUser.m */ = {isa = PBXFileReference; fileEncoding = 4; lastKnownFileType = sourcecode.c.objc; name = LightRegisterUser.m; path = API/LightRegisterUser.m; sourceTree = "<group>"; };
		048384E11B2D64BF00ED7693 /* LightValidateCode.h */ = {isa = PBXFileReference; fileEncoding = 4; lastKnownFileType = sourcecode.c.h; name = LightValidateCode.h; path = API/LightValidateCode.h; sourceTree = "<group>"; };
		048384E21B2D64BF00ED7693 /* LightValidateCode.m */ = {isa = PBXFileReference; fileEncoding = 4; lastKnownFileType = sourcecode.c.objc; name = LightValidateCode.m; path = API/LightValidateCode.m; sourceTree = "<group>"; };
		048384E51B2D68E000ED7693 /* LightArticle.h */ = {isa = PBXFileReference; fileEncoding = 4; lastKnownFileType = sourcecode.c.h; name = LightArticle.h; path = API/LightArticle.h; sourceTree = "<group>"; };
		048384E61B2D68E000ED7693 /* LightArticle.m */ = {isa = PBXFileReference; fileEncoding = 4; lastKnownFileType = sourcecode.c.objc; name = LightArticle.m; path = API/LightArticle.m; sourceTree = "<group>"; };
		048384E81B2D6C9D00ED7693 /* UIButton+Util.h */ = {isa = PBXFileReference; fileEncoding = 4; lastKnownFileType = sourcecode.c.h; name = "UIButton+Util.h"; path = "API/UIButton+Util.h"; sourceTree = "<group>"; };
		048384E91B2D6C9D00ED7693 /* UIButton+Util.m */ = {isa = PBXFileReference; fileEncoding = 4; lastKnownFileType = sourcecode.c.objc; name = "UIButton+Util.m"; path = "API/UIButton+Util.m"; sourceTree = "<group>"; };
		048384EB1B2F09F800ED7693 /* LightTableViewCell.h */ = {isa = PBXFileReference; fileEncoding = 4; lastKnownFileType = sourcecode.c.h; name = LightTableViewCell.h; path = API/LightTableViewCell.h; sourceTree = "<group>"; };
		048384EC1B2F09F800ED7693 /* LightTableViewCell.m */ = {isa = PBXFileReference; fileEncoding = 4; lastKnownFileType = sourcecode.c.objc; name = LightTableViewCell.m; path = API/LightTableViewCell.m; sourceTree = "<group>"; };
		048384EE1B2F0A6600ED7693 /* LightNavigationController.h */ = {isa = PBXFileReference; fileEncoding = 4; lastKnownFileType = sourcecode.c.h; name = LightNavigationController.h; path = API/LightNavigationController.h; sourceTree = "<group>"; };
		048384EF1B2F0A6600ED7693 /* LightNavigationController.m */ = {isa = PBXFileReference; fileEncoding = 4; lastKnownFileType = sourcecode.c.objc; name = LightNavigationController.m; path = API/LightNavigationController.m; sourceTree = "<group>"; };
		048384F11B2F0B6000ED7693 /* topbarbg_ios7@2x.png */ = {isa = PBXFileReference; lastKnownFileType = image.png; path = "topbarbg_ios7@2x.png"; sourceTree = "<group>"; };
		048384F41B2F0C6400ED7693 /* PrefixHeader.pch */ = {isa = PBXFileReference; fileEncoding = 4; lastKnownFileType = sourcecode.c.h; path = PrefixHeader.pch; sourceTree = "<group>"; };
		048384F51B2F121200ED7693 /* LightTableViewController.h */ = {isa = PBXFileReference; fileEncoding = 4; lastKnownFileType = sourcecode.c.h; name = LightTableViewController.h; path = API/LightTableViewController.h; sourceTree = "<group>"; };
		048384F61B2F121200ED7693 /* LightTableViewController.m */ = {isa = PBXFileReference; fileEncoding = 4; lastKnownFileType = sourcecode.c.objc; name = LightTableViewController.m; path = API/LightTableViewController.m; sourceTree = "<group>"; };
		048384F81B2F130A00ED7693 /* LightBaseLoginViewController.h */ = {isa = PBXFileReference; fileEncoding = 4; lastKnownFileType = sourcecode.c.h; name = LightBaseLoginViewController.h; path = Login/LightBaseLoginViewController.h; sourceTree = "<group>"; };
		048384F91B2F130A00ED7693 /* LightBaseLoginViewController.m */ = {isa = PBXFileReference; fileEncoding = 4; lastKnownFileType = sourcecode.c.objc; name = LightBaseLoginViewController.m; path = Login/LightBaseLoginViewController.m; sourceTree = "<group>"; };
		048384FB1B2F18F500ED7693 /* LightLoginViewController.h */ = {isa = PBXFileReference; fileEncoding = 4; lastKnownFileType = sourcecode.c.h; name = LightLoginViewController.h; path = Login/LightLoginViewController.h; sourceTree = "<group>"; };
		048384FC1B2F18F500ED7693 /* LightLoginViewController.m */ = {isa = PBXFileReference; fileEncoding = 4; lastKnownFileType = sourcecode.c.objc; name = LightLoginViewController.m; path = Login/LightLoginViewController.m; sourceTree = "<group>"; };
		048384FE1B2F19A600ED7693 /* LightTextField.h */ = {isa = PBXFileReference; fileEncoding = 4; lastKnownFileType = sourcecode.c.h; name = LightTextField.h; path = Utils/LightTextField.h; sourceTree = "<group>"; };
		048384FF1B2F19A600ED7693 /* LightTextField.m */ = {isa = PBXFileReference; fileEncoding = 4; lastKnownFileType = sourcecode.c.objc; name = LightTextField.m; path = Utils/LightTextField.m; sourceTree = "<group>"; };
		048385041B2F2B2700ED7693 /* LightRegisterViewController.h */ = {isa = PBXFileReference; lastKnownFileType = sourcecode.c.h; name = LightRegisterViewController.h; path = register/LightRegisterViewController.h; sourceTree = "<group>"; };
		048385051B2F2B3400ED7693 /* LightRegisterViewController.m */ = {isa = PBXFileReference; fileEncoding = 4; lastKnownFileType = sourcecode.c.objc; name = LightRegisterViewController.m; path = register/LightRegisterViewController.m; sourceTree = "<group>"; };
		048385071B2F2B9500ED7693 /* LightRegCheckViewController.h */ = {isa = PBXFileReference; fileEncoding = 4; lastKnownFileType = sourcecode.c.h; name = LightRegCheckViewController.h; path = register/LightRegCheckViewController.h; sourceTree = "<group>"; };
		048385081B2F2B9500ED7693 /* LightRegCheckViewController.m */ = {isa = PBXFileReference; fileEncoding = 4; lastKnownFileType = sourcecode.c.objc; name = LightRegCheckViewController.m; path = register/LightRegCheckViewController.m; sourceTree = "<group>"; };
		0483850A1B2F2BBE00ED7693 /* LightRegDetailViewController.h */ = {isa = PBXFileReference; fileEncoding = 4; lastKnownFileType = sourcecode.c.h; name = LightRegDetailViewController.h; path = register/LightRegDetailViewController.h; sourceTree = "<group>"; };
		0483850B1B2F2BBE00ED7693 /* LightRegDetailViewController.m */ = {isa = PBXFileReference; fileEncoding = 4; lastKnownFileType = sourcecode.c.objc; name = LightRegDetailViewController.m; path = register/LightRegDetailViewController.m; sourceTree = "<group>"; };
		0483850D1B2F2C0500ED7693 /* LightRegSexViewController.h */ = {isa = PBXFileReference; fileEncoding = 4; lastKnownFileType = sourcecode.c.h; name = LightRegSexViewController.h; path = register/LightRegSexViewController.h; sourceTree = "<group>"; };
		0483850E1B2F2C0500ED7693 /* LightRegSexViewController.m */ = {isa = PBXFileReference; fileEncoding = 4; lastKnownFileType = sourcecode.c.objc; name = LightRegSexViewController.m; path = register/LightRegSexViewController.m; sourceTree = "<group>"; };
		0483850F1B2F2C0500ED7693 /* LightRegSexViewController.xib */ = {isa = PBXFileReference; fileEncoding = 4; lastKnownFileType = file.xib; name = LightRegSexViewController.xib; path = register/LightRegSexViewController.xib; sourceTree = "<group>"; };
		048385121B2F2E7800ED7693 /* RegConfig.h */ = {isa = PBXFileReference; fileEncoding = 4; lastKnownFileType = sourcecode.c.h; path = RegConfig.h; sourceTree = "<group>"; };
		048AC06A1B3018D40076DB17 /* LightIntroPage.h */ = {isa = PBXFileReference; fileEncoding = 4; lastKnownFileType = sourcecode.c.h; path = LightIntroPage.h; sourceTree = "<group>"; };
		048AC06B1B3018D40076DB17 /* LightIntroPage.m */ = {isa = PBXFileReference; fileEncoding = 4; lastKnownFileType = sourcecode.c.objc; path = LightIntroPage.m; sourceTree = "<group>"; };
		048AC06C1B3018D40076DB17 /* LightIntroView.h */ = {isa = PBXFileReference; fileEncoding = 4; lastKnownFileType = sourcecode.c.h; path = LightIntroView.h; sourceTree = "<group>"; };
		048AC06D1B3018D40076DB17 /* LightIntroView.m */ = {isa = PBXFileReference; fileEncoding = 4; lastKnownFileType = sourcecode.c.objc; path = LightIntroView.m; sourceTree = "<group>"; };
		048AC06E1B3018D40076DB17 /* LightIntroViewController.h */ = {isa = PBXFileReference; fileEncoding = 4; lastKnownFileType = sourcecode.c.h; path = LightIntroViewController.h; sourceTree = "<group>"; };
		048AC06F1B3018D40076DB17 /* LightIntroViewController.m */ = {isa = PBXFileReference; fileEncoding = 4; lastKnownFileType = sourcecode.c.objc; path = LightIntroViewController.m; sourceTree = "<group>"; };
		048E6FDB1B50DB9700EF995B /* libicucore.dylib */ = {isa = PBXFileReference; lastKnownFileType = "compiled.mach-o.dylib"; name = libicucore.dylib; path = usr/lib/libicucore.dylib; sourceTree = SDKROOT; };
		048E6FDD1B50DB9D00EF995B /* libz.dylib */ = {isa = PBXFileReference; lastKnownFileType = "compiled.mach-o.dylib"; name = libz.dylib; path = usr/lib/libz.dylib; sourceTree = SDKROOT; };
		048E6FDF1B50DBCF00EF995B /* libc++.dylib */ = {isa = PBXFileReference; lastKnownFileType = "compiled.mach-o.dylib"; name = "libc++.dylib"; path = "usr/lib/libc++.dylib"; sourceTree = SDKROOT; };
		048E6FE01B50DBCF00EF995B /* libc++abi.dylib */ = {isa = PBXFileReference; lastKnownFileType = "compiled.mach-o.dylib"; name = "libc++abi.dylib"; path = "usr/lib/libc++abi.dylib"; sourceTree = SDKROOT; };
		048E6FE11B50DBCF00EF995B /* libsqlite3.dylib */ = {isa = PBXFileReference; lastKnownFileType = "compiled.mach-o.dylib"; name = libsqlite3.dylib; path = usr/lib/libsqlite3.dylib; sourceTree = SDKROOT; };
		048E6FE21B50DBCF00EF995B /* libstdc++.dylib */ = {isa = PBXFileReference; lastKnownFileType = "compiled.mach-o.dylib"; name = "libstdc++.dylib"; path = "usr/lib/libstdc++.dylib"; sourceTree = SDKROOT; };
		048E6FE31B50DBCF00EF995B /* libxml2.dylib */ = {isa = PBXFileReference; lastKnownFileType = "compiled.mach-o.dylib"; name = libxml2.dylib; path = usr/lib/libxml2.dylib; sourceTree = SDKROOT; };
		049F3D131B2D59EF0014F09A /* SystemConfiguration.framework */ = {isa = PBXFileReference; lastKnownFileType = wrapper.framework; name = SystemConfiguration.framework; path = System/Library/Frameworks/SystemConfiguration.framework; sourceTree = SDKROOT; };
		049F3D151B2D59F70014F09A /* MessageUI.framework */ = {isa = PBXFileReference; lastKnownFileType = wrapper.framework; name = MessageUI.framework; path = System/Library/Frameworks/MessageUI.framework; sourceTree = SDKROOT; };
		049F3D1B1B2D5A0F0014F09A /* CFNetwork.framework */ = {isa = PBXFileReference; lastKnownFileType = wrapper.framework; name = CFNetwork.framework; path = System/Library/Frameworks/CFNetwork.framework; sourceTree = SDKROOT; };
		049F3D1D1B2D5A470014F09A /* SMS_SDK.framework */ = {isa = PBXFileReference; lastKnownFileType = wrapper.framework; name = SMS_SDK.framework; path = Light/SMS_SDK.framework; sourceTree = "<group>"; };
		049F3D1F1B2D5AAC0014F09A /* Default-568h@2x.png */ = {isa = PBXFileReference; lastKnownFileType = image.png; path = "Default-568h@2x.png"; sourceTree = "<group>"; };
		049F3D211B2D5BC60014F09A /* LightAPI.h */ = {isa = PBXFileReference; fileEncoding = 4; lastKnownFileType = sourcecode.c.h; path = LightAPI.h; sourceTree = "<group>"; };
		04BA69E71B319055001FC1B2 /* LightBaseTabBarController.h */ = {isa = PBXFileReference; fileEncoding = 4; lastKnownFileType = sourcecode.c.h; name = LightBaseTabBarController.h; path = "主界面/LightBaseTabBarController.h"; sourceTree = "<group>"; };
		04BA69E81B319055001FC1B2 /* LightBaseTabBarController.m */ = {isa = PBXFileReference; fileEncoding = 4; lastKnownFileType = sourcecode.c.objc; name = LightBaseTabBarController.m; path = "主界面/LightBaseTabBarController.m"; sourceTree = "<group>"; };
		04BA69EA1B3190B6001FC1B2 /* IndexViewController.h */ = {isa = PBXFileReference; fileEncoding = 4; lastKnownFileType = sourcecode.c.h; name = IndexViewController.h; path = "主界面/IndexViewController.h"; sourceTree = "<group>"; };
		04BA69EB1B3190B6001FC1B2 /* IndexViewController.m */ = {isa = PBXFileReference; fileEncoding = 4; lastKnownFileType = sourcecode.c.objc; name = IndexViewController.m; path = "主界面/IndexViewController.m"; sourceTree = "<group>"; };
		04BA69ED1B3190E9001FC1B2 /* MSGViewController.h */ = {isa = PBXFileReference; fileEncoding = 4; lastKnownFileType = sourcecode.c.h; name = MSGViewController.h; path = "主界面/MSGViewController.h"; sourceTree = "<group>"; };
		04BA69EE1B3190E9001FC1B2 /* MSGViewController.m */ = {isa = PBXFileReference; fileEncoding = 4; lastKnownFileType = sourcecode.c.objc; name = MSGViewController.m; path = "主界面/MSGViewController.m"; sourceTree = "<group>"; };
		04BA69F01B319123001FC1B2 /* CPYViewController.h */ = {isa = PBXFileReference; fileEncoding = 4; lastKnownFileType = sourcecode.c.h; name = CPYViewController.h; path = "主界面/CPYViewController.h"; sourceTree = "<group>"; };
		04BA69F11B319123001FC1B2 /* CPYViewController.m */ = {isa = PBXFileReference; fileEncoding = 4; lastKnownFileType = sourcecode.c.objc; name = CPYViewController.m; path = "主界面/CPYViewController.m"; sourceTree = "<group>"; };
		04BA69F31B31916B001FC1B2 /* LoveViewController.h */ = {isa = PBXFileReference; fileEncoding = 4; lastKnownFileType = sourcecode.c.h; name = LoveViewController.h; path = "主界面/LoveViewController.h"; sourceTree = "<group>"; };
		04BA69F41B31916B001FC1B2 /* LoveViewController.m */ = {isa = PBXFileReference; fileEncoding = 4; lastKnownFileType = sourcecode.c.objc; name = LoveViewController.m; path = "主界面/LoveViewController.m"; sourceTree = "<group>"; };
		04BA69F61B31918F001FC1B2 /* KDGViewController.h */ = {isa = PBXFileReference; fileEncoding = 4; lastKnownFileType = sourcecode.c.h; name = KDGViewController.h; path = "主界面/KDGViewController.h"; sourceTree = "<group>"; };
		04BA69F71B31918F001FC1B2 /* KDGViewController.m */ = {isa = PBXFileReference; fileEncoding = 4; lastKnownFileType = sourcecode.c.objc; name = KDGViewController.m; path = "主界面/KDGViewController.m"; sourceTree = "<group>"; };
		04BA69F91B319325001FC1B2 /* IndexHeader.h */ = {isa = PBXFileReference; fileEncoding = 4; lastKnownFileType = sourcecode.c.h; path = IndexHeader.h; sourceTree = "<group>"; };
		04BA69FA1B31A0D8001FC1B2 /* IndexTableViewCell.h */ = {isa = PBXFileReference; fileEncoding = 4; lastKnownFileType = sourcecode.c.h; name = IndexTableViewCell.h; path = "主界面/IndexTableViewCell.h"; sourceTree = "<group>"; };
		04BA69FB1B31A0D8001FC1B2 /* IndexTableViewCell.m */ = {isa = PBXFileReference; fileEncoding = 4; lastKnownFileType = sourcecode.c.objc; name = IndexTableViewCell.m; path = "主界面/IndexTableViewCell.m"; sourceTree = "<group>"; };
		04C7CF081B31B4FB00FED3DB /* PostInfo.h */ = {isa = PBXFileReference; fileEncoding = 4; lastKnownFileType = sourcecode.c.h; name = PostInfo.h; path = API/PostInfo.h; sourceTree = "<group>"; };
		04C7CF091B31B4FB00FED3DB /* PostInfo.m */ = {isa = PBXFileReference; fileEncoding = 4; lastKnownFileType = sourcecode.c.objc; name = PostInfo.m; path = API/PostInfo.m; sourceTree = "<group>"; };
		04D1A42A1B2C915C005823E4 /* Light.app */ = {isa = PBXFileReference; explicitFileType = wrapper.application; includeInIndex = 0; path = Light.app; sourceTree = BUILT_PRODUCTS_DIR; };
		04D1A42E1B2C915C005823E4 /* Info.plist */ = {isa = PBXFileReference; lastKnownFileType = text.plist.xml; path = Info.plist; sourceTree = "<group>"; };
		04D1A42F1B2C915C005823E4 /* main.m */ = {isa = PBXFileReference; lastKnownFileType = sourcecode.c.objc; path = main.m; sourceTree = "<group>"; };
		04D1A4311B2C915C005823E4 /* AppDelegate.h */ = {isa = PBXFileReference; lastKnownFileType = sourcecode.c.h; path = AppDelegate.h; sourceTree = "<group>"; };
		04D1A4321B2C915C005823E4 /* AppDelegate.m */ = {isa = PBXFileReference; lastKnownFileType = sourcecode.c.objc; path = AppDelegate.m; sourceTree = "<group>"; };
		04D1A43A1B2C915C005823E4 /* Images.xcassets */ = {isa = PBXFileReference; lastKnownFileType = folder.assetcatalog; path = Images.xcassets; sourceTree = "<group>"; };
		04D1A43D1B2C915C005823E4 /* Base */ = {isa = PBXFileReference; lastKnownFileType = file.xib; name = Base; path = Base.lproj/LaunchScreen.xib; sourceTree = "<group>"; };
		04D1A4431B2C915C005823E4 /* LightTests.xctest */ = {isa = PBXFileReference; explicitFileType = wrapper.cfbundle; includeInIndex = 0; path = LightTests.xctest; sourceTree = BUILT_PRODUCTS_DIR; };
		04D1A4481B2C915C005823E4 /* Info.plist */ = {isa = PBXFileReference; lastKnownFileType = text.plist.xml; path = Info.plist; sourceTree = "<group>"; };
		04D1A4491B2C915C005823E4 /* LightTests.m */ = {isa = PBXFileReference; lastKnownFileType = sourcecode.c.objc; path = LightTests.m; sourceTree = "<group>"; };
		04D1A4551B2C944D005823E4 /* blue_login_disable@2x.png */ = {isa = PBXFileReference; lastKnownFileType = image.png; path = "blue_login_disable@2x.png"; sourceTree = "<group>"; };
		04D1A4561B2C944D005823E4 /* blue_login_highlight@2x.png */ = {isa = PBXFileReference; lastKnownFileType = image.png; path = "blue_login_highlight@2x.png"; sourceTree = "<group>"; };
		04D1A4571B2C944D005823E4 /* blue_login_normal@2x.png */ = {isa = PBXFileReference; lastKnownFileType = image.png; path = "blue_login_normal@2x.png"; sourceTree = "<group>"; };
		04D1A4581B2C944D005823E4 /* default_icon.png */ = {isa = PBXFileReference; lastKnownFileType = image.png; path = default_icon.png; sourceTree = "<group>"; };
		04D1A4591B2C944D005823E4 /* login_background.png */ = {isa = PBXFileReference; lastKnownFileType = image.png; path = login_background.png; sourceTree = "<group>"; };
		04D1A45B1B2C944D005823E4 /* index_24*24_blue.png */ = {isa = PBXFileReference; lastKnownFileType = image.png; path = "index_24*24_blue.png"; sourceTree = "<group>"; };
		04D1A45C1B2C944D005823E4 /* index_24*24_grey.png */ = {isa = PBXFileReference; lastKnownFileType = image.png; path = "index_24*24_grey.png"; sourceTree = "<group>"; };
		04D1A45D1B2C944D005823E4 /* index_32*32_blue.png */ = {isa = PBXFileReference; lastKnownFileType = image.png; path = "index_32*32_blue.png"; sourceTree = "<group>"; };
		04D1A45E1B2C944D005823E4 /* index_32*32_grey.png */ = {isa = PBXFileReference; lastKnownFileType = image.png; path = "index_32*32_grey.png"; sourceTree = "<group>"; };
		04D1A45F1B2C944D005823E4 /* index_48*48_blue.png */ = {isa = PBXFileReference; lastKnownFileType = image.png; path = "index_48*48_blue.png"; sourceTree = "<group>"; };
		04D1A4601B2C944D005823E4 /* index_48*48_grey.png */ = {isa = PBXFileReference; lastKnownFileType = image.png; path = "index_48*48_grey.png"; sourceTree = "<group>"; };
		04D1A4611B2C944D005823E4 /* KDG_24*24_blue.png */ = {isa = PBXFileReference; lastKnownFileType = image.png; path = "KDG_24*24_blue.png"; sourceTree = "<group>"; };
		04D1A4621B2C944D005823E4 /* KDG_24*24_grey.png */ = {isa = PBXFileReference; lastKnownFileType = image.png; path = "KDG_24*24_grey.png"; sourceTree = "<group>"; };
		04D1A4631B2C944D005823E4 /* KDG_32*32_blue.png */ = {isa = PBXFileReference; lastKnownFileType = image.png; path = "KDG_32*32_blue.png"; sourceTree = "<group>"; };
		04D1A4641B2C944D005823E4 /* KDG_32*32_grey.png */ = {isa = PBXFileReference; lastKnownFileType = image.png; path = "KDG_32*32_grey.png"; sourceTree = "<group>"; };
		04D1A4651B2C944D005823E4 /* KDG_48*48_blue.png */ = {isa = PBXFileReference; lastKnownFileType = image.png; path = "KDG_48*48_blue.png"; sourceTree = "<group>"; };
		04D1A4661B2C944D005823E4 /* KDG_48*48_grey.png */ = {isa = PBXFileReference; lastKnownFileType = image.png; path = "KDG_48*48_grey.png"; sourceTree = "<group>"; };
		04D1A4671B2C944D005823E4 /* KPY_24*24_blue.png */ = {isa = PBXFileReference; lastKnownFileType = image.png; path = "KPY_24*24_blue.png"; sourceTree = "<group>"; };
		04D1A4681B2C944D005823E4 /* KPY_24*24_grey.png */ = {isa = PBXFileReference; lastKnownFileType = image.png; path = "KPY_24*24_grey.png"; sourceTree = "<group>"; };
		04D1A4691B2C944D005823E4 /* KPY_32*32_blue.png */ = {isa = PBXFileReference; lastKnownFileType = image.png; path = "KPY_32*32_blue.png"; sourceTree = "<group>"; };
		04D1A46A1B2C944D005823E4 /* KPY_32*32_grey.png */ = {isa = PBXFileReference; lastKnownFileType = image.png; path = "KPY_32*32_grey.png"; sourceTree = "<group>"; };
		04D1A46B1B2C944D005823E4 /* KPY_48*48_blue.png */ = {isa = PBXFileReference; lastKnownFileType = image.png; path = "KPY_48*48_blue.png"; sourceTree = "<group>"; };
		04D1A46C1B2C944D005823E4 /* KPY_48*48_grey.png */ = {isa = PBXFileReference; lastKnownFileType = image.png; path = "KPY_48*48_grey.png"; sourceTree = "<group>"; };
		04D1A46D1B2C944D005823E4 /* left_view.png */ = {isa = PBXFileReference; lastKnownFileType = image.png; path = left_view.png; sourceTree = "<group>"; };
		04D1A46E1B2C944D005823E4 /* love_24*24_blue.png */ = {isa = PBXFileReference; lastKnownFileType = image.png; path = "love_24*24_blue.png"; sourceTree = "<group>"; };
		04D1A46F1B2C944D005823E4 /* love_24*24_grey.png */ = {isa = PBXFileReference; lastKnownFileType = image.png; path = "love_24*24_grey.png"; sourceTree = "<group>"; };
		04D1A4701B2C944D005823E4 /* love_32*32_blue.png */ = {isa = PBXFileReference; lastKnownFileType = image.png; path = "love_32*32_blue.png"; sourceTree = "<group>"; };
		04D1A4711B2C944D005823E4 /* love_32*32_grey.png */ = {isa = PBXFileReference; lastKnownFileType = image.png; path = "love_32*32_grey.png"; sourceTree = "<group>"; };
		04D1A4721B2C944D005823E4 /* love_48*48_blue.png */ = {isa = PBXFileReference; lastKnownFileType = image.png; path = "love_48*48_blue.png"; sourceTree = "<group>"; };
		04D1A4731B2C944D005823E4 /* love_48*48_grey.png */ = {isa = PBXFileReference; lastKnownFileType = image.png; path = "love_48*48_grey.png"; sourceTree = "<group>"; };
		04D1A4741B2C944D005823E4 /* MSG_24*24_blue.png */ = {isa = PBXFileReference; lastKnownFileType = image.png; path = "MSG_24*24_blue.png"; sourceTree = "<group>"; };
		04D1A4751B2C944D005823E4 /* MSG_24*24_grey.png */ = {isa = PBXFileReference; lastKnownFileType = image.png; path = "MSG_24*24_grey.png"; sourceTree = "<group>"; };
		04D1A4761B2C944D005823E4 /* MSG_32*32_blue.png */ = {isa = PBXFileReference; lastKnownFileType = image.png; path = "MSG_32*32_blue.png"; sourceTree = "<group>"; };
		04D1A4771B2C944D005823E4 /* MSG_32*32_grey.png */ = {isa = PBXFileReference; lastKnownFileType = image.png; path = "MSG_32*32_grey.png"; sourceTree = "<group>"; };
		04D1A4781B2C944D005823E4 /* MSG_48*48_blue.png */ = {isa = PBXFileReference; lastKnownFileType = image.png; path = "MSG_48*48_blue.png"; sourceTree = "<group>"; };
		04D1A4791B2C944D005823E4 /* MSG_48*48_grey.png */ = {isa = PBXFileReference; lastKnownFileType = image.png; path = "MSG_48*48_grey.png"; sourceTree = "<group>"; };
		04D1A47A1B2C944D005823E4 /* operationbox_text@2x.png */ = {isa = PBXFileReference; lastKnownFileType = image.png; path = "operationbox_text@2x.png"; sourceTree = "<group>"; };
		04D1A47C1B2C944D005823E4 /* Intro01.png */ = {isa = PBXFileReference; lastKnownFileType = image.png; path = Intro01.png; sourceTree = "<group>"; };
		04D1A47D1B2C944D005823E4 /* Intro02.png */ = {isa = PBXFileReference; lastKnownFileType = image.png; path = Intro02.png; sourceTree = "<group>"; };
		04D1A47E1B2C944D005823E4 /* Intro03.png */ = {isa = PBXFileReference; lastKnownFileType = image.png; path = Intro03.png; sourceTree = "<group>"; };
		04D1A47F1B2C944D005823E4 /* Intro04.png */ = {isa = PBXFileReference; lastKnownFileType = image.png; path = Intro04.png; sourceTree = "<group>"; };
		04D1A4801B2C944D005823E4 /* Intro05.png */ = {isa = PBXFileReference; lastKnownFileType = image.png; path = Intro05.png; sourceTree = "<group>"; };
/* End PBXFileReference section */

/* Begin PBXFrameworksBuildPhase section */
		04D1A4271B2C915C005823E4 /* Frameworks */ = {
			isa = PBXFrameworksBuildPhase;
			buildActionMask = 2147483647;
			files = (
				048E6FE41B50DBCF00EF995B /* libc++.dylib in Frameworks */,
				048E6FE51B50DBCF00EF995B /* libc++abi.dylib in Frameworks */,
				048E6FE61B50DBCF00EF995B /* libsqlite3.dylib in Frameworks */,
				048E6FE71B50DBCF00EF995B /* libstdc++.dylib in Frameworks */,
				048E6FE81B50DBCF00EF995B /* libxml2.dylib in Frameworks */,
				048E6FDE1B50DB9D00EF995B /* libz.dylib in Frameworks */,
				048E6FDC1B50DB9700EF995B /* libicucore.dylib in Frameworks */,
				044E2AB51B4F53F000C8AA2D /* UIKit.framework in Frameworks */,
				049F3D141B2D59EF0014F09A /* SystemConfiguration.framework in Frameworks */,
				044E2AB31B4F53DD00C8AA2D /* QuartzCore.framework in Frameworks */,
				044E2AB11B4F53D400C8AA2D /* OpenGLES.framework in Frameworks */,
				044E2AAF1B4F53C900C8AA2D /* MapKit.framework in Frameworks */,
				044E2AA31B4F52AE00C8AA2D /* ImageIO.framework in Frameworks */,
				044E2AA11B4F52A700C8AA2D /* CoreGraphics.framework in Frameworks */,
				044E2A9C1B4F529B00C8AA2D /* CoreImage.framework in Frameworks */,
				044E2A9D1B4F529B00C8AA2D /* CoreLocation.framework in Frameworks */,
				044E2A9E1B4F529B00C8AA2D /* CoreTelephony.framework in Frameworks */,
				044E2A9F1B4F529B00C8AA2D /* CoreVideo.framework in Frameworks */,
				044E2A971B4F526C00C8AA2D /* CoreAudio.framework in Frameworks */,
				044E2A951B4F524F00C8AA2D /* AVFoundation.framework in Frameworks */,
				044E2A931B4F524700C8AA2D /* AudioToolbox.framework in Frameworks */,
				044E2A911B4F524000C8AA2D /* AssetsLibrary.framework in Frameworks */,
				049F3D1E1B2D5A470014F09A /* SMS_SDK.framework in Frameworks */,
				049F3D1C1B2D5A0F0014F09A /* CFNetwork.framework in Frameworks */,
				044E2A8F1B4F520700C8AA2D /* RongIMKit.framework in Frameworks */,
				049F3D161B2D59F70014F09A /* MessageUI.framework in Frameworks */,
			);
			runOnlyForDeploymentPostprocessing = 0;
		};
		04D1A4401B2C915C005823E4 /* Frameworks */ = {
			isa = PBXFrameworksBuildPhase;
			buildActionMask = 2147483647;
			files = (
			);
			runOnlyForDeploymentPostprocessing = 0;
		};
/* End PBXFrameworksBuildPhase section */

/* Begin PBXGroup section */
		044E2AB61B4F5F8200C8AA2D /* framework */ = {
			isa = PBXGroup;
			children = (
				048E6FDF1B50DBCF00EF995B /* libc++.dylib */,
				048E6FE01B50DBCF00EF995B /* libc++abi.dylib */,
				048E6FE11B50DBCF00EF995B /* libsqlite3.dylib */,
				048E6FE21B50DBCF00EF995B /* libstdc++.dylib */,
				048E6FE31B50DBCF00EF995B /* libxml2.dylib */,
				048E6FDD1B50DB9D00EF995B /* libz.dylib */,
				048E6FDB1B50DB9700EF995B /* libicucore.dylib */,
				049F3D151B2D59F70014F09A /* MessageUI.framework */,
				049F3D131B2D59EF0014F09A /* SystemConfiguration.framework */,
				044E2AB21B4F53DD00C8AA2D /* QuartzCore.framework */,
				044E2AB01B4F53D400C8AA2D /* OpenGLES.framework */,
				044E2AAE1B4F53C900C8AA2D /* MapKit.framework */,
				044E2AA21B4F52AE00C8AA2D /* ImageIO.framework */,
				044E2AA01B4F52A700C8AA2D /* CoreGraphics.framework */,
				044E2A981B4F529B00C8AA2D /* CoreImage.framework */,
				044E2A991B4F529B00C8AA2D /* CoreLocation.framework */,
				044E2A9A1B4F529B00C8AA2D /* CoreTelephony.framework */,
				044E2A9B1B4F529B00C8AA2D /* CoreVideo.framework */,
				044E2A961B4F526C00C8AA2D /* CoreAudio.framework */,
				044E2A941B4F524F00C8AA2D /* AVFoundation.framework */,
				044E2A921B4F524700C8AA2D /* AudioToolbox.framework */,
				044E2A901B4F524000C8AA2D /* AssetsLibrary.framework */,
				049F3D1F1B2D5AAC0014F09A /* Default-568h@2x.png */,
				044E2A8E1B4F520700C8AA2D /* RongIMKit.framework */,
				049F3D1D1B2D5A470014F09A /* SMS_SDK.framework */,
				049F3D1B1B2D5A0F0014F09A /* CFNetwork.framework */,
				044E2AB41B4F53F000C8AA2D /* UIKit.framework */,
			);
			name = framework;
			sourceTree = "<group>";
		};
		048AC0691B3018D40076DB17 /* 引导页 */ = {
			isa = PBXGroup;
			children = (
				048AC06A1B3018D40076DB17 /* LightIntroPage.h */,
				048AC06B1B3018D40076DB17 /* LightIntroPage.m */,
				048AC06C1B3018D40076DB17 /* LightIntroView.h */,
				048AC06D1B3018D40076DB17 /* LightIntroView.m */,
				048AC06E1B3018D40076DB17 /* LightIntroViewController.h */,
				048AC06F1B3018D40076DB17 /* LightIntroViewController.m */,
			);
			path = "引导页";
			sourceTree = "<group>";
		};
		049F3CFC1B2D55890014F09A /* Models */ = {
			isa = PBXGroup;
			children = (
			);
			name = Models;
			sourceTree = "<group>";
		};
		049F3CFD1B2D559A0014F09A /* Utils */ = {
			isa = PBXGroup;
			children = (
				049F3D031B2D57DD0014F09A /* ViewsUtils */,
			);
			name = Utils;
			sourceTree = "<group>";
		};
		049F3CFE1B2D55A10014F09A /* API */ = {
			isa = PBXGroup;
			children = (
				049F3D211B2D5BC60014F09A /* LightAPI.h */,
				048384DB1B2D5E7300ED7693 /* LightUser.h */,
				048384DC1B2D5E7300ED7693 /* LightUser.m */,
				048384E11B2D64BF00ED7693 /* LightValidateCode.h */,
				048384E21B2D64BF00ED7693 /* LightValidateCode.m */,
				048384DE1B2D622300ED7693 /* LightRegisterUser.h */,
				048384DF1B2D622300ED7693 /* LightRegisterUser.m */,
				048384E51B2D68E000ED7693 /* LightArticle.h */,
				048384E61B2D68E000ED7693 /* LightArticle.m */,
				049F3D041B2D57F10014F09A /* POST */,
			);
			name = API;
			sourceTree = "<group>";
		};
		049F3D001B2D55B10014F09A /* 登录注册 */ = {
			isa = PBXGroup;
			children = (
				049F3D051B2D57FF0014F09A /* 登录 */,
				049F3D061B2D580D0014F09A /* 注册 */,
			);
			name = "登录注册";
			sourceTree = "<group>";
		};
		049F3D011B2D55B80014F09A /* 主界面 */ = {
			isa = PBXGroup;
			children = (
				04BA69E71B319055001FC1B2 /* LightBaseTabBarController.h */,
				04BA69E81B319055001FC1B2 /* LightBaseTabBarController.m */,
				04BA69F91B319325001FC1B2 /* IndexHeader.h */,
				049F3D071B2D581C0014F09A /* 首页 */,
				049F3D0B1B2D58450014F09A /* 消息 */,
				049F3D081B2D58290014F09A /* 求同 */,
				049F3D091B2D58330014F09A /* 求爱 */,
				049F3D0A1B2D583B0014F09A /* 求知 */,
			);
			name = "主界面";
			sourceTree = "<group>";
		};
		049F3D021B2D578C0014F09A /* 侧栏 */ = {
			isa = PBXGroup;
			children = (
				049F3D0C1B2D58640014F09A /* 个人 */,
				049F3D0D1B2D586E0014F09A /* 通知 */,
				049F3D111B2D58880014F09A /* 账户 */,
				049F3D101B2D58830014F09A /* 设置 */,
				049F3D0F1B2D587B0014F09A /* 反馈 */,
				049F3D0E1B2D58760014F09A /* 关于 */,
			);
			name = "侧栏";
			sourceTree = "<group>";
		};
		049F3D031B2D57DD0014F09A /* ViewsUtils */ = {
			isa = PBXGroup;
			children = (
				048384F51B2F121200ED7693 /* LightTableViewController.h */,
				048384F61B2F121200ED7693 /* LightTableViewController.m */,
				048384EE1B2F0A6600ED7693 /* LightNavigationController.h */,
				048384EF1B2F0A6600ED7693 /* LightNavigationController.m */,
				048384EB1B2F09F800ED7693 /* LightTableViewCell.h */,
				048384EC1B2F09F800ED7693 /* LightTableViewCell.m */,
				048384E81B2D6C9D00ED7693 /* UIButton+Util.h */,
				048384E91B2D6C9D00ED7693 /* UIButton+Util.m */,
				048384FE1B2F19A600ED7693 /* LightTextField.h */,
				048384FF1B2F19A600ED7693 /* LightTextField.m */,
			);
			name = ViewsUtils;
			sourceTree = "<group>";
		};
		049F3D041B2D57F10014F09A /* POST */ = {
			isa = PBXGroup;
			children = (
				04C7CF081B31B4FB00FED3DB /* PostInfo.h */,
				04C7CF091B31B4FB00FED3DB /* PostInfo.m */,
			);
			name = POST;
			sourceTree = "<group>";
		};
		049F3D051B2D57FF0014F09A /* 登录 */ = {
			isa = PBXGroup;
			children = (
				048384F81B2F130A00ED7693 /* LightBaseLoginViewController.h */,
				048384F91B2F130A00ED7693 /* LightBaseLoginViewController.m */,
				048384FB1B2F18F500ED7693 /* LightLoginViewController.h */,
				048384FC1B2F18F500ED7693 /* LightLoginViewController.m */,
			);
			name = "登录";
			sourceTree = "<group>";
		};
		049F3D061B2D580D0014F09A /* 注册 */ = {
			isa = PBXGroup;
			children = (
				048385121B2F2E7800ED7693 /* RegConfig.h */,
				048385041B2F2B2700ED7693 /* LightRegisterViewController.h */,
				048385051B2F2B3400ED7693 /* LightRegisterViewController.m */,
				048385071B2F2B9500ED7693 /* LightRegCheckViewController.h */,
				048385081B2F2B9500ED7693 /* LightRegCheckViewController.m */,
				0483850A1B2F2BBE00ED7693 /* LightRegDetailViewController.h */,
				0483850B1B2F2BBE00ED7693 /* LightRegDetailViewController.m */,
				0483850D1B2F2C0500ED7693 /* LightRegSexViewController.h */,
				0483850E1B2F2C0500ED7693 /* LightRegSexViewController.m */,
				0483850F1B2F2C0500ED7693 /* LightRegSexViewController.xib */,
			);
			name = "注册";
			sourceTree = "<group>";
		};
		049F3D071B2D581C0014F09A /* 首页 */ = {
			isa = PBXGroup;
			children = (
				04BA69FA1B31A0D8001FC1B2 /* IndexTableViewCell.h */,
				04BA69FB1B31A0D8001FC1B2 /* IndexTableViewCell.m */,
				04BA69EA1B3190B6001FC1B2 /* IndexViewController.h */,
				04BA69EB1B3190B6001FC1B2 /* IndexViewController.m */,
			);
			name = "首页";
			sourceTree = "<group>";
		};
		049F3D081B2D58290014F09A /* 求同 */ = {
			isa = PBXGroup;
			children = (
				04BA69F01B319123001FC1B2 /* CPYViewController.h */,
				04BA69F11B319123001FC1B2 /* CPYViewController.m */,
			);
			name = "求同";
			sourceTree = "<group>";
		};
		049F3D091B2D58330014F09A /* 求爱 */ = {
			isa = PBXGroup;
			children = (
				04BA69F31B31916B001FC1B2 /* LoveViewController.h */,
				04BA69F41B31916B001FC1B2 /* LoveViewController.m */,
			);
			name = "求爱";
			sourceTree = "<group>";
		};
		049F3D0A1B2D583B0014F09A /* 求知 */ = {
			isa = PBXGroup;
			children = (
				04BA69F61B31918F001FC1B2 /* KDGViewController.h */,
				04BA69F71B31918F001FC1B2 /* KDGViewController.m */,
			);
			name = "求知";
			sourceTree = "<group>";
		};
		049F3D0B1B2D58450014F09A /* 消息 */ = {
			isa = PBXGroup;
			children = (
				04BA69ED1B3190E9001FC1B2 /* MSGViewController.h */,
				04BA69EE1B3190E9001FC1B2 /* MSGViewController.m */,
			);
			name = "消息";
			sourceTree = "<group>";
		};
		049F3D0C1B2D58640014F09A /* 个人 */ = {
			isa = PBXGroup;
			children = (
			);
			name = "个人";
			sourceTree = "<group>";
		};
		049F3D0D1B2D586E0014F09A /* 通知 */ = {
			isa = PBXGroup;
			children = (
			);
			name = "通知";
			sourceTree = "<group>";
		};
		049F3D0E1B2D58760014F09A /* 关于 */ = {
			isa = PBXGroup;
			children = (
			);
			name = "关于";
			sourceTree = "<group>";
		};
		049F3D0F1B2D587B0014F09A /* 反馈 */ = {
			isa = PBXGroup;
			children = (
			);
			name = "反馈";
			sourceTree = "<group>";
		};
		049F3D101B2D58830014F09A /* 设置 */ = {
			isa = PBXGroup;
			children = (
			);
			name = "设置";
			sourceTree = "<group>";
		};
		049F3D111B2D58880014F09A /* 账户 */ = {
			isa = PBXGroup;
			children = (
			);
			name = "账户";
			sourceTree = "<group>";
		};
		04D1A4211B2C915B005823E4 = {
			isa = PBXGroup;
			children = (
				044E2AB61B4F5F8200C8AA2D /* framework */,
				04D1A42C1B2C915C005823E4 /* Light */,
				04D1A4461B2C915C005823E4 /* LightTests */,
				04D1A42B1B2C915C005823E4 /* Products */,
			);
			sourceTree = "<group>";
		};
		04D1A42B1B2C915C005823E4 /* Products */ = {
			isa = PBXGroup;
			children = (
				04D1A42A1B2C915C005823E4 /* Light.app */,
				04D1A4431B2C915C005823E4 /* LightTests.xctest */,
			);
			name = Products;
			sourceTree = "<group>";
		};
		04D1A42C1B2C915C005823E4 /* Light */ = {
			isa = PBXGroup;
			children = (
				049F3CFC1B2D55890014F09A /* Models */,
				049F3CFD1B2D559A0014F09A /* Utils */,
				049F3CFE1B2D55A10014F09A /* API */,
				048AC0691B3018D40076DB17 /* 引导页 */,
				049F3D001B2D55B10014F09A /* 登录注册 */,
				049F3D011B2D55B80014F09A /* 主界面 */,
				049F3D021B2D578C0014F09A /* 侧栏 */,
				04D1A4531B2C944D005823E4 /* resources */,
				04D1A4311B2C915C005823E4 /* AppDelegate.h */,
				04D1A4321B2C915C005823E4 /* AppDelegate.m */,
				04D1A43A1B2C915C005823E4 /* Images.xcassets */,
				04D1A43C1B2C915C005823E4 /* LaunchScreen.xib */,
				04D1A42D1B2C915C005823E4 /* Supporting Files */,
			);
			path = Light;
			sourceTree = "<group>";
		};
		04D1A42D1B2C915C005823E4 /* Supporting Files */ = {
			isa = PBXGroup;
			children = (
				048384F41B2F0C6400ED7693 /* PrefixHeader.pch */,
				04D1A42E1B2C915C005823E4 /* Info.plist */,
				04D1A42F1B2C915C005823E4 /* main.m */,
			);
			name = "Supporting Files";
			sourceTree = "<group>";
		};
		04D1A4461B2C915C005823E4 /* LightTests */ = {
			isa = PBXGroup;
			children = (
				04D1A4491B2C915C005823E4 /* LightTests.m */,
				04D1A4471B2C915C005823E4 /* Supporting Files */,
			);
			path = LightTests;
			sourceTree = "<group>";
		};
		04D1A4471B2C915C005823E4 /* Supporting Files */ = {
			isa = PBXGroup;
			children = (
				04D1A4481B2C915C005823E4 /* Info.plist */,
			);
			name = "Supporting Files";
			sourceTree = "<group>";
		};
		04D1A4531B2C944D005823E4 /* resources */ = {
			isa = PBXGroup;
			children = (
				04D1A4541B2C944D005823E4 /* login&reg */,
				04D1A45A1B2C944D005823E4 /* Main */,
				048384F11B2F0B6000ED7693 /* topbarbg_ios7@2x.png */,
				04D1A47A1B2C944D005823E4 /* operationbox_text@2x.png */,
				04D1A47B1B2C944D005823E4 /* 引导页 */,
			);
			path = resources;
			sourceTree = "<group>";
		};
		04D1A4541B2C944D005823E4 /* login&reg */ = {
			isa = PBXGroup;
			children = (
				04D1A4551B2C944D005823E4 /* blue_login_disable@2x.png */,
				04D1A4561B2C944D005823E4 /* blue_login_highlight@2x.png */,
				04D1A4571B2C944D005823E4 /* blue_login_normal@2x.png */,
				04D1A4581B2C944D005823E4 /* default_icon.png */,
				04D1A4591B2C944D005823E4 /* login_background.png */,
			);
			path = "login&reg";
			sourceTree = "<group>";
		};
		04D1A45A1B2C944D005823E4 /* Main */ = {
			isa = PBXGroup;
			children = (
				04D1A45B1B2C944D005823E4 /* index_24*24_blue.png */,
				04D1A45C1B2C944D005823E4 /* index_24*24_grey.png */,
				04D1A45D1B2C944D005823E4 /* index_32*32_blue.png */,
				04D1A45E1B2C944D005823E4 /* index_32*32_grey.png */,
				04D1A45F1B2C944D005823E4 /* index_48*48_blue.png */,
				04D1A4601B2C944D005823E4 /* index_48*48_grey.png */,
				04D1A4611B2C944D005823E4 /* KDG_24*24_blue.png */,
				04D1A4621B2C944D005823E4 /* KDG_24*24_grey.png */,
				04D1A4631B2C944D005823E4 /* KDG_32*32_blue.png */,
				04D1A4641B2C944D005823E4 /* KDG_32*32_grey.png */,
				04D1A4651B2C944D005823E4 /* KDG_48*48_blue.png */,
				04D1A4661B2C944D005823E4 /* KDG_48*48_grey.png */,
				04D1A4671B2C944D005823E4 /* KPY_24*24_blue.png */,
				04D1A4681B2C944D005823E4 /* KPY_24*24_grey.png */,
				04D1A4691B2C944D005823E4 /* KPY_32*32_blue.png */,
				04D1A46A1B2C944D005823E4 /* KPY_32*32_grey.png */,
				04D1A46B1B2C944D005823E4 /* KPY_48*48_blue.png */,
				04D1A46C1B2C944D005823E4 /* KPY_48*48_grey.png */,
				04D1A46D1B2C944D005823E4 /* left_view.png */,
				04D1A46E1B2C944D005823E4 /* love_24*24_blue.png */,
				04D1A46F1B2C944D005823E4 /* love_24*24_grey.png */,
				04D1A4701B2C944D005823E4 /* love_32*32_blue.png */,
				04D1A4711B2C944D005823E4 /* love_32*32_grey.png */,
				04D1A4721B2C944D005823E4 /* love_48*48_blue.png */,
				04D1A4731B2C944D005823E4 /* love_48*48_grey.png */,
				04D1A4741B2C944D005823E4 /* MSG_24*24_blue.png */,
				04D1A4751B2C944D005823E4 /* MSG_24*24_grey.png */,
				04D1A4761B2C944D005823E4 /* MSG_32*32_blue.png */,
				04D1A4771B2C944D005823E4 /* MSG_32*32_grey.png */,
				04D1A4781B2C944D005823E4 /* MSG_48*48_blue.png */,
				04D1A4791B2C944D005823E4 /* MSG_48*48_grey.png */,
			);
			path = Main;
			sourceTree = "<group>";
		};
		04D1A47B1B2C944D005823E4 /* 引导页 */ = {
			isa = PBXGroup;
			children = (
				04D1A47C1B2C944D005823E4 /* Intro01.png */,
				04D1A47D1B2C944D005823E4 /* Intro02.png */,
				04D1A47E1B2C944D005823E4 /* Intro03.png */,
				04D1A47F1B2C944D005823E4 /* Intro04.png */,
				04D1A4801B2C944D005823E4 /* Intro05.png */,
			);
			path = "引导页";
			sourceTree = "<group>";
		};
/* End PBXGroup section */

/* Begin PBXNativeTarget section */
		04D1A4291B2C915C005823E4 /* Light */ = {
			isa = PBXNativeTarget;
			buildConfigurationList = 04D1A44D1B2C915C005823E4 /* Build configuration list for PBXNativeTarget "Light" */;
			buildPhases = (
				04D1A4261B2C915C005823E4 /* Sources */,
				04D1A4271B2C915C005823E4 /* Frameworks */,
				04D1A4281B2C915C005823E4 /* Resources */,
			);
			buildRules = (
			);
			dependencies = (
			);
			name = Light;
			productName = Light;
			productReference = 04D1A42A1B2C915C005823E4 /* Light.app */;
			productType = "com.apple.product-type.application";
		};
		04D1A4421B2C915C005823E4 /* LightTests */ = {
			isa = PBXNativeTarget;
			buildConfigurationList = 04D1A4501B2C915C005823E4 /* Build configuration list for PBXNativeTarget "LightTests" */;
			buildPhases = (
				04D1A43F1B2C915C005823E4 /* Sources */,
				04D1A4401B2C915C005823E4 /* Frameworks */,
				04D1A4411B2C915C005823E4 /* Resources */,
			);
			buildRules = (
			);
			dependencies = (
				04D1A4451B2C915C005823E4 /* PBXTargetDependency */,
			);
			name = LightTests;
			productName = LightTests;
			productReference = 04D1A4431B2C915C005823E4 /* LightTests.xctest */;
			productType = "com.apple.product-type.bundle.unit-test";
		};
/* End PBXNativeTarget section */

/* Begin PBXProject section */
		04D1A4221B2C915B005823E4 /* Project object */ = {
			isa = PBXProject;
			attributes = {
				LastUpgradeCheck = 0700;
				ORGANIZATIONNAME = Light;
				TargetAttributes = {
					04D1A4291B2C915C005823E4 = {
						CreatedOnToolsVersion = 6.3.2;
						DevelopmentTeam = TS3L5T3FT9;
					};
					04D1A4421B2C915C005823E4 = {
						CreatedOnToolsVersion = 6.3.2;
						TestTargetID = 04D1A4291B2C915C005823E4;
					};
				};
			};
			buildConfigurationList = 04D1A4251B2C915B005823E4 /* Build configuration list for PBXProject "Light" */;
			compatibilityVersion = "Xcode 3.2";
			developmentRegion = English;
			hasScannedForEncodings = 0;
			knownRegions = (
				en,
				Base,
			);
			mainGroup = 04D1A4211B2C915B005823E4;
			productRefGroup = 04D1A42B1B2C915C005823E4 /* Products */;
			projectDirPath = "";
			projectRoot = "";
			targets = (
				04D1A4291B2C915C005823E4 /* Light */,
				04D1A4421B2C915C005823E4 /* LightTests */,
			);
		};
/* End PBXProject section */

/* Begin PBXResourcesBuildPhase section */
		04D1A4281B2C915C005823E4 /* Resources */ = {
			isa = PBXResourcesBuildPhase;
			buildActionMask = 2147483647;
			files = (
				04D1A49E1B2C944D005823E4 /* love_48*48_grey.png in Resources */,
				04D1A4991B2C944D005823E4 /* love_24*24_blue.png in Resources */,
				04D1A4A81B2C944D005823E4 /* Intro03.png in Resources */,
				04D1A4861B2C944D005823E4 /* index_24*24_blue.png in Resources */,
				04D1A4A51B2C944D005823E4 /* operationbox_text@2x.png in Resources */,
				048384F21B2F0B6000ED7693 /* topbarbg_ios7@2x.png in Resources */,
				04D1A48C1B2C944D005823E4 /* KDG_24*24_blue.png in Resources */,
				04D1A4A41B2C944D005823E4 /* MSG_48*48_grey.png in Resources */,
				04D1A4A31B2C944D005823E4 /* MSG_48*48_blue.png in Resources */,
				04D1A4A61B2C944D005823E4 /* Intro01.png in Resources */,
				04D1A4971B2C944D005823E4 /* KPY_48*48_grey.png in Resources */,
				04D1A4A01B2C944D005823E4 /* MSG_24*24_grey.png in Resources */,
				04D1A49D1B2C944D005823E4 /* love_48*48_blue.png in Resources */,
				04D1A49C1B2C944D005823E4 /* love_32*32_grey.png in Resources */,
				04D1A4981B2C944D005823E4 /* left_view.png in Resources */,
				04D1A4921B2C944D005823E4 /* KPY_24*24_blue.png in Resources */,
				04D1A48E1B2C944D005823E4 /* KDG_32*32_blue.png in Resources */,
				04D1A48A1B2C944D005823E4 /* index_48*48_blue.png in Resources */,
				04D1A4841B2C944D005823E4 /* default_icon.png in Resources */,
				04D1A4931B2C944D005823E4 /* KPY_24*24_grey.png in Resources */,
				04D1A4811B2C944D005823E4 /* blue_login_disable@2x.png in Resources */,
				04D1A4961B2C944D005823E4 /* KPY_48*48_blue.png in Resources */,
				04D1A4A21B2C944D005823E4 /* MSG_32*32_grey.png in Resources */,
				04D1A49F1B2C944D005823E4 /* MSG_24*24_blue.png in Resources */,
				04D1A4A11B2C944D005823E4 /* MSG_32*32_blue.png in Resources */,
				04D1A48D1B2C944D005823E4 /* KDG_24*24_grey.png in Resources */,
				04D1A4AA1B2C944D005823E4 /* Intro05.png in Resources */,
				04D1A4A91B2C944D005823E4 /* Intro04.png in Resources */,
				04D1A4901B2C944D005823E4 /* KDG_48*48_blue.png in Resources */,
				04D1A48F1B2C944D005823E4 /* KDG_32*32_grey.png in Resources */,
				04D1A4891B2C944D005823E4 /* index_32*32_grey.png in Resources */,
				04D1A4871B2C944D005823E4 /* index_24*24_grey.png in Resources */,
				04D1A43E1B2C915C005823E4 /* LaunchScreen.xib in Resources */,
				04D1A4831B2C944D005823E4 /* blue_login_normal@2x.png in Resources */,
				04D1A49B1B2C944D005823E4 /* love_32*32_blue.png in Resources */,
				04D1A49A1B2C944D005823E4 /* love_24*24_grey.png in Resources */,
				04D1A4881B2C944D005823E4 /* index_32*32_blue.png in Resources */,
				04D1A48B1B2C944D005823E4 /* index_48*48_grey.png in Resources */,
				04D1A4951B2C944D005823E4 /* KPY_32*32_grey.png in Resources */,
				049F3D201B2D5AAC0014F09A /* Default-568h@2x.png in Resources */,
				04D1A43B1B2C915C005823E4 /* Images.xcassets in Resources */,
				04D1A4821B2C944D005823E4 /* blue_login_highlight@2x.png in Resources */,
				04D1A4A71B2C944D005823E4 /* Intro02.png in Resources */,
				048385111B2F2C0500ED7693 /* LightRegSexViewController.xib in Resources */,
				04D1A4941B2C944D005823E4 /* KPY_32*32_blue.png in Resources */,
				04D1A4911B2C944D005823E4 /* KDG_48*48_grey.png in Resources */,
				04D1A4851B2C944D005823E4 /* login_background.png in Resources */,
			);
			runOnlyForDeploymentPostprocessing = 0;
		};
		04D1A4411B2C915C005823E4 /* Resources */ = {
			isa = PBXResourcesBuildPhase;
			buildActionMask = 2147483647;
			files = (
			);
			runOnlyForDeploymentPostprocessing = 0;
		};
/* End PBXResourcesBuildPhase section */

/* Begin PBXSourcesBuildPhase section */
		04D1A4261B2C915C005823E4 /* Sources */ = {
			isa = PBXSourcesBuildPhase;
			buildActionMask = 2147483647;
			files = (
				04BA69F21B319123001FC1B2 /* CPYViewController.m in Sources */,
				04BA69E91B319055001FC1B2 /* LightBaseTabBarController.m in Sources */,
				048385101B2F2C0500ED7693 /* LightRegSexViewController.m in Sources */,
				048384F01B2F0A6600ED7693 /* LightNavigationController.m in Sources */,
				048AC0701B3018D40076DB17 /* LightIntroPage.m in Sources */,
				048384FD1B2F18F500ED7693 /* LightLoginViewController.m in Sources */,
				048384DD1B2D5E7300ED7693 /* LightUser.m in Sources */,
				04BA69F51B31916B001FC1B2 /* LoveViewController.m in Sources */,
				048384F71B2F121200ED7693 /* LightTableViewController.m in Sources */,
				04D1A4331B2C915C005823E4 /* AppDelegate.m in Sources */,
				048AC0721B3018D40076DB17 /* LightIntroViewController.m in Sources */,
				048384ED1B2F09F800ED7693 /* LightTableViewCell.m in Sources */,
				048385061B2F2B3400ED7693 /* LightRegisterViewController.m in Sources */,
				04BA69FC1B31A0D8001FC1B2 /* IndexTableViewCell.m in Sources */,
				048384E31B2D64BF00ED7693 /* LightValidateCode.m in Sources */,
				04BA69EC1B3190B6001FC1B2 /* IndexViewController.m in Sources */,
				048384E71B2D68E000ED7693 /* LightArticle.m in Sources */,
				048384EA1B2D6C9D00ED7693 /* UIButton+Util.m in Sources */,
				04BA69F81B31918F001FC1B2 /* KDGViewController.m in Sources */,
				04C7CF0A1B31B4FB00FED3DB /* PostInfo.m in Sources */,
				0483850C1B2F2BBE00ED7693 /* LightRegDetailViewController.m in Sources */,
				048AC0711B3018D40076DB17 /* LightIntroView.m in Sources */,
				048385091B2F2B9500ED7693 /* LightRegCheckViewController.m in Sources */,
				048384E01B2D622300ED7693 /* LightRegisterUser.m in Sources */,
				04BA69EF1B3190E9001FC1B2 /* MSGViewController.m in Sources */,
				048384FA1B2F130A00ED7693 /* LightBaseLoginViewController.m in Sources */,
				048385001B2F19A600ED7693 /* LightTextField.m in Sources */,
				04D1A4301B2C915C005823E4 /* main.m in Sources */,
			);
			runOnlyForDeploymentPostprocessing = 0;
		};
		04D1A43F1B2C915C005823E4 /* Sources */ = {
			isa = PBXSourcesBuildPhase;
			buildActionMask = 2147483647;
			files = (
				04D1A44A1B2C915C005823E4 /* LightTests.m in Sources */,
			);
			runOnlyForDeploymentPostprocessing = 0;
		};
/* End PBXSourcesBuildPhase section */

/* Begin PBXTargetDependency section */
		04D1A4451B2C915C005823E4 /* PBXTargetDependency */ = {
			isa = PBXTargetDependency;
			target = 04D1A4291B2C915C005823E4 /* Light */;
			targetProxy = 04D1A4441B2C915C005823E4 /* PBXContainerItemProxy */;
		};
/* End PBXTargetDependency section */

/* Begin PBXVariantGroup section */
		04D1A43C1B2C915C005823E4 /* LaunchScreen.xib */ = {
			isa = PBXVariantGroup;
			children = (
				04D1A43D1B2C915C005823E4 /* Base */,
			);
			name = LaunchScreen.xib;
			sourceTree = "<group>";
		};
/* End PBXVariantGroup section */

/* Begin XCBuildConfiguration section */
		04D1A44B1B2C915C005823E4 /* Debug */ = {
			isa = XCBuildConfiguration;
			buildSettings = {
				ALWAYS_SEARCH_USER_PATHS = NO;
				CLANG_CXX_LANGUAGE_STANDARD = "gnu++0x";
				CLANG_CXX_LIBRARY = "libc++";
				CLANG_ENABLE_MODULES = YES;
				CLANG_ENABLE_OBJC_ARC = YES;
				CLANG_WARN_BOOL_CONVERSION = YES;
				CLANG_WARN_CONSTANT_CONVERSION = YES;
				CLANG_WARN_DIRECT_OBJC_ISA_USAGE = YES_ERROR;
				CLANG_WARN_EMPTY_BODY = YES;
				CLANG_WARN_ENUM_CONVERSION = YES;
				CLANG_WARN_INT_CONVERSION = YES;
				CLANG_WARN_OBJC_ROOT_CLASS = YES_ERROR;
				CLANG_WARN_UNREACHABLE_CODE = YES;
				CLANG_WARN__DUPLICATE_METHOD_MATCH = YES;
				"CODE_SIGN_IDENTITY[sdk=iphoneos*]" = "iPhone Developer";
				COPY_PHASE_STRIP = NO;
				DEBUG_INFORMATION_FORMAT = "dwarf-with-dsym";
				ENABLE_STRICT_OBJC_MSGSEND = YES;
				ENABLE_TESTABILITY = YES;
				GCC_C_LANGUAGE_STANDARD = gnu99;
				GCC_DYNAMIC_NO_PIC = NO;
				GCC_NO_COMMON_BLOCKS = YES;
				GCC_OPTIMIZATION_LEVEL = 0;
				GCC_PREPROCESSOR_DEFINITIONS = (
					"DEBUG=1",
					"$(inherited)",
				);
				GCC_SYMBOLS_PRIVATE_EXTERN = NO;
				GCC_WARN_64_TO_32_BIT_CONVERSION = YES;
				GCC_WARN_ABOUT_RETURN_TYPE = YES_ERROR;
				GCC_WARN_UNDECLARED_SELECTOR = YES;
				GCC_WARN_UNINITIALIZED_AUTOS = YES_AGGRESSIVE;
				GCC_WARN_UNUSED_FUNCTION = YES;
				GCC_WARN_UNUSED_VARIABLE = YES;
				IPHONEOS_DEPLOYMENT_TARGET = 8.3;
				MTL_ENABLE_DEBUG_INFO = YES;
				ONLY_ACTIVE_ARCH = YES;
				SDKROOT = iphoneos;
				TARGETED_DEVICE_FAMILY = "1,2";
			};
			name = Debug;
		};
		04D1A44C1B2C915C005823E4 /* Release */ = {
			isa = XCBuildConfiguration;
			buildSettings = {
				ALWAYS_SEARCH_USER_PATHS = NO;
				CLANG_CXX_LANGUAGE_STANDARD = "gnu++0x";
				CLANG_CXX_LIBRARY = "libc++";
				CLANG_ENABLE_MODULES = YES;
				CLANG_ENABLE_OBJC_ARC = YES;
				CLANG_WARN_BOOL_CONVERSION = YES;
				CLANG_WARN_CONSTANT_CONVERSION = YES;
				CLANG_WARN_DIRECT_OBJC_ISA_USAGE = YES_ERROR;
				CLANG_WARN_EMPTY_BODY = YES;
				CLANG_WARN_ENUM_CONVERSION = YES;
				CLANG_WARN_INT_CONVERSION = YES;
				CLANG_WARN_OBJC_ROOT_CLASS = YES_ERROR;
				CLANG_WARN_UNREACHABLE_CODE = YES;
				CLANG_WARN__DUPLICATE_METHOD_MATCH = YES;
				"CODE_SIGN_IDENTITY[sdk=iphoneos*]" = "iPhone Developer";
				COPY_PHASE_STRIP = NO;
				DEBUG_INFORMATION_FORMAT = "dwarf-with-dsym";
				ENABLE_NS_ASSERTIONS = NO;
				ENABLE_STRICT_OBJC_MSGSEND = YES;
				GCC_C_LANGUAGE_STANDARD = gnu99;
				GCC_NO_COMMON_BLOCKS = YES;
				GCC_WARN_64_TO_32_BIT_CONVERSION = YES;
				GCC_WARN_ABOUT_RETURN_TYPE = YES_ERROR;
				GCC_WARN_UNDECLARED_SELECTOR = YES;
				GCC_WARN_UNINITIALIZED_AUTOS = YES_AGGRESSIVE;
				GCC_WARN_UNUSED_FUNCTION = YES;
				GCC_WARN_UNUSED_VARIABLE = YES;
				IPHONEOS_DEPLOYMENT_TARGET = 8.3;
				MTL_ENABLE_DEBUG_INFO = NO;
				SDKROOT = iphoneos;
				TARGETED_DEVICE_FAMILY = "1,2";
				VALIDATE_PRODUCT = YES;
			};
			name = Release;
		};
		04D1A44E1B2C915C005823E4 /* Debug */ = {
			isa = XCBuildConfiguration;
			buildSettings = {
				ASSETCATALOG_COMPILER_APPICON_NAME = AppIcon;
				CODE_SIGN_IDENTITY = "iPhone Developer";
				"CODE_SIGN_IDENTITY[sdk=iphoneos*]" = "iPhone Developer";
				FRAMEWORK_SEARCH_PATHS = (
					"$(inherited)",
					"$(PROJECT_DIR)/Light",
				);
				GCC_PREFIX_HEADER = "$(SRCROOT)/Light/PrefixHeader.pch";
				INFOPLIST_FILE = Light/Info.plist;
				IPHONEOS_DEPLOYMENT_TARGET = 8.0;
				LD_RUNPATH_SEARCH_PATHS = "$(inherited) @executable_path/Frameworks";
				PRODUCT_BUNDLE_IDENTIFIER = "com.Lightdomain.$(PRODUCT_NAME:rfc1034identifier)";
				PRODUCT_NAME = "$(TARGET_NAME)";
				PROVISIONING_PROFILE = "";
				TARGETED_DEVICE_FAMILY = 1;
				VALID_ARCHS = "arm64 armv7 armv7s";
			};
			name = Debug;
		};
		04D1A44F1B2C915C005823E4 /* Release */ = {
			isa = XCBuildConfiguration;
			buildSettings = {
				ASSETCATALOG_COMPILER_APPICON_NAME = AppIcon;
				CODE_SIGN_IDENTITY = "iPhone Developer";
				"CODE_SIGN_IDENTITY[sdk=iphoneos*]" = "iPhone Developer";
				FRAMEWORK_SEARCH_PATHS = (
					"$(inherited)",
					"$(PROJECT_DIR)/Light",
				);
				GCC_PREFIX_HEADER = "$(SRCROOT)/Light/PrefixHeader.pch";
				INFOPLIST_FILE = Light/Info.plist;
				IPHONEOS_DEPLOYMENT_TARGET = 8.0;
				LD_RUNPATH_SEARCH_PATHS = "$(inherited) @executable_path/Frameworks";
				PRODUCT_BUNDLE_IDENTIFIER = "com.Lightdomain.$(PRODUCT_NAME:rfc1034identifier)";
				PRODUCT_NAME = "$(TARGET_NAME)";
				PROVISIONING_PROFILE = "";
				TARGETED_DEVICE_FAMILY = 1;
				VALID_ARCHS = "arm64 armv7 armv7s";
			};
			name = Release;
		};
		04D1A4511B2C915C005823E4 /* Debug */ = {
			isa = XCBuildConfiguration;
			buildSettings = {
				BUNDLE_LOADER = "$(TEST_HOST)";
				FRAMEWORK_SEARCH_PATHS = (
					"$(SDKROOT)/Developer/Library/Frameworks",
					"$(inherited)",
				);
				GCC_PREPROCESSOR_DEFINITIONS = (
					"DEBUG=1",
					"$(inherited)",
				);
				INFOPLIST_FILE = LightTests/Info.plist;
				LD_RUNPATH_SEARCH_PATHS = "$(inherited) @executable_path/Frameworks @loader_path/Frameworks";
				PRODUCT_BUNDLE_IDENTIFIER = "com.Lightdomain.$(PRODUCT_NAME:rfc1034identifier)";
				PRODUCT_NAME = "$(TARGET_NAME)";
				TEST_HOST = "$(BUILT_PRODUCTS_DIR)/Light.app/Light";
			};
			name = Debug;
		};
		04D1A4521B2C915C005823E4 /* Release */ = {
			isa = XCBuildConfiguration;
			buildSettings = {
				BUNDLE_LOADER = "$(TEST_HOST)";
				FRAMEWORK_SEARCH_PATHS = (
					"$(SDKROOT)/Developer/Library/Frameworks",
					"$(inherited)",
				);
				INFOPLIST_FILE = LightTests/Info.plist;
				LD_RUNPATH_SEARCH_PATHS = "$(inherited) @executable_path/Frameworks @loader_path/Frameworks";
				PRODUCT_BUNDLE_IDENTIFIER = "com.Lightdomain.$(PRODUCT_NAME:rfc1034identifier)";
				PRODUCT_NAME = "$(TARGET_NAME)";
				TEST_HOST = "$(BUILT_PRODUCTS_DIR)/Light.app/Light";
			};
			name = Release;
		};
/* End XCBuildConfiguration section */

/* Begin XCConfigurationList section */
		04D1A4251B2C915B005823E4 /* Build configuration list for PBXProject "Light" */ = {
			isa = XCConfigurationList;
			buildConfigurations = (
				04D1A44B1B2C915C005823E4 /* Debug */,
				04D1A44C1B2C915C005823E4 /* Release */,
			);
			defaultConfigurationIsVisible = 0;
			defaultConfigurationName = Release;
		};
		04D1A44D1B2C915C005823E4 /* Build configuration list for PBXNativeTarget "Light" */ = {
			isa = XCConfigurationList;
			buildConfigurations = (
				04D1A44E1B2C915C005823E4 /* Debug */,
				04D1A44F1B2C915C005823E4 /* Release */,
			);
			defaultConfigurationIsVisible = 0;
			defaultConfigurationName = Release;
		};
		04D1A4501B2C915C005823E4 /* Build configuration list for PBXNativeTarget "LightTests" */ = {
			isa = XCConfigurationList;
			buildConfigurations = (
				04D1A4511B2C915C005823E4 /* Debug */,
				04D1A4521B2C915C005823E4 /* Release */,
			);
			defaultConfigurationIsVisible = 0;
			defaultConfigurationName = Release;
		};
/* End XCConfigurationList section */
	};
	rootObject = 04D1A4221B2C915B005823E4 /* Project object */;
}
